
Microsoft Visual Studio Solution File, Format Version 10.00
# Visual Studio 2008
Project("{8BC9CEB8-8B4A-11D0-8D11-00A0C91BC942}") = "GNSSTerminal", "GNSSTerminal\GNSSTerminal.vcproj", "{308FA3E5-4A5D-4749-AC12-54A74ABD5F00}"
EndProject
Global
	GlobalSection(SolutionConfigurationPlatforms) = preSolution
		Debug|KP210_SDK (ARMV4I) = Debug|KP210_SDK (ARMV4I)
		Release|KP210_SDK (ARMV4I) = Release|KP210_SDK (ARMV4I)
	EndGlobalSection
	GlobalSection(ProjectConfigurationPlatforms) = postSolution
		{308FA3E5-4A5D-4749-AC12-54A74ABD5F00}.Debug|KP210_SDK (ARMV4I).ActiveCfg = Debug|KP210_SDK (ARMV4I)
		{308FA3E5-4A5D-4749-AC12-54A74ABD5F00}.Debug|KP210_SDK (ARMV4I).Build.0 = Debug|KP210_SDK (ARMV4I)
		{308FA3E5-4A5D-4749-AC12-54A74ABD5F00}.Debug|KP210_SDK (ARMV4I).Deploy.0 = Debug|KP210_SDK (ARMV4I)
		{308FA3E5-4A5D-4749-AC12-54A74ABD5F00}.Release|KP210_SDK (ARMV4I).ActiveCfg = Release|KP210_SDK (ARMV4I)
		{308FA3E5-4A5D-4749-AC12-54A74ABD5F00}.Release|KP210_SDK (ARMV4I).Build.0 = Release|KP210_SDK (ARMV4I)
		{308FA3E5-4A5D-4749-AC12-54A74ABD5F00}.Release|KP210_SDK (ARMV4I).Deploy.0 = Release|KP210_SDK (ARMV4I)
	EndGlobalSection
	GlobalSection(SolutionProperties) = preSolution
		HideSolutionNode = FALSE
	EndGlobalSection
EndGlobal
